
Microsoft Visual Studio Solution File, Format Version 12.00
# Visual Studio 15
VisualStudioVersion = 15.0.28010.2048
MinimumVisualStudioVersion = 10.0.40219.1
Project("{FAE04EC0-301F-11D3-BF4B-00C04F79EFBC}") = "InterviewPractice", "InterviewPractice\InterviewPractice.csproj", "{D4C8F9D0-2F76-4282-9344-B9E750DBE2D5}"
EndProject
Project("{FAE04EC0-301F-11D3-BF4B-00C04F79EFBC}") = "InterviewPracticeTestCases", "InterviewPracticeTestCases\InterviewPracticeTestCases.csproj", "{F6687324-A1E0-4E0C-A88A-F060EFF06143}"
EndProject
Global
	GlobalSection(SolutionConfigurationPlatforms) = preSolution
		Debug|Any CPU = Debug|Any CPU
		Release|Any CPU = Release|Any CPU
	EndGlobalSection
	GlobalSection(ProjectConfigurationPlatforms) = postSolution
		{D4C8F9D0-2F76-4282-9344-B9E750DBE2D5}.Debug|Any CPU.ActiveCfg = Debug|Any CPU
		{D4C8F9D0-2F76-4282-9344-B9E750DBE2D5}.Debug|Any CPU.Build.0 = Debug|Any CPU
		{D4C8F9D0-2F76-4282-9344-B9E750DBE2D5}.Release|Any CPU.ActiveCfg = Release|Any CPU
		{D4C8F9D0-2F76-4282-9344-B9E750DBE2D5}.Release|Any CPU.Build.0 = Release|Any CPU
		{F6687324-A1E0-4E0C-A88A-F060EFF06143}.Debug|Any CPU.ActiveCfg = Debug|Any CPU
		{F6687324-A1E0-4E0C-A88A-F060EFF06143}.Debug|Any CPU.Build.0 = Debug|Any CPU
		{F6687324-A1E0-4E0C-A88A-F060EFF06143}.Release|Any CPU.ActiveCfg = Release|Any CPU
		{F6687324-A1E0-4E0C-A88A-F060EFF06143}.Release|Any CPU.Build.0 = Release|Any CPU
	EndGlobalSection
	GlobalSection(SolutionProperties) = preSolution
		HideSolutionNode = FALSE
	EndGlobalSection
	GlobalSection(ExtensibilityGlobals) = postSolution
		SolutionGuid = {DECF8075-B1B5-4DD3-97C5-304AA741B601}
	EndGlobalSection
EndGlobal
